PODS:
  - MangoFix (1.5.6):
    - symdl
  - symdl (0.6.0)

DEPENDENCIES:
  - MangoFix (from `../`)

SPEC REPOS:
  trunk:
    - symdl

EXTERNAL SOURCES:
  MangoFix:
    :path: "../"

SPEC CHECKSUMS:
  MangoFix: e1446dd01fd20754139b42c298e3de679cdfe044
  symdl: 1906f396fff3f7530074ecfc226e17006b12d0a0

PODFILE CHECKSUM: f50bab028380bb039d952837b793cf186f86a1dc

COCOAPODS: 1.14.2
